<?xml version="1.0" encoding="utf-8"?>
<Project ToolsVersion="4.0" xmlns="http://schemas.microsoft.com/developer/msbuild/2003">
  <ItemGroup>
    <Filter Include="Source Files">
      <UniqueIdentifier>{4FC737F1-C7A5-4376-A066-2A32D752A2FF}</UniqueIdentifier>
      <Extensions>cpp;c;cc;cxx;def;odl;idl;hpj;bat;asm;asmx</Extensions>
    </Filter>
    <Filter Include="Header Files">
      <UniqueIdentifier>{93995380-89BD-4b04-88EB-625FBE52EBFB}</UniqueIdentifier>
      <Extensions>h;hh;hpp;hxx;hm;inl;inc;xsd</Extensions>
    </Filter>
    <Filter Include="Resource Files">
      <UniqueIdentifier>{67DA6AB6-F800-4c08-8B7A-83BB121AAD01}</UniqueIdentifier>
      <Extensions>rc;ico;cur;bmp;dlg;rc2;rct;bin;rgs;gif;jpg;jpeg;jpe;resx;tiff;tif;png;wav;mfcribbon-ms</Extensions>
    </Filter>
    <Filter Include="Source Files\dlib">
      <UniqueIdentifier>{2a06d955-f8fc-4179-82bc-3abadcf87768}</UniqueIdentifier>
    </Filter>
    <Filter Include="Source Files\ogl">
      <UniqueIdentifier>{964e2dea-aacc-40b6-9c7a-9f9ec6e708b0}</UniqueIdentifier>
    </Filter>
    <Filter Include="Source Files\test">
      <UniqueIdentifier>{4276d914-23e8-441b-b1bb-b119476647aa}</UniqueIdentifier>
    </Filter>
  </ItemGroup>
  <ItemGroup>
    <ClCompile Include="ogl\ogl_core.cpp">
      <Filter>Source Files\ogl</Filter>
    </ClCompile>
    <ClCompile Include="readOBJ.cpp">
      <Filter>Source Files</Filter>
    </ClCompile>
    <ClCompile Include="estimate_camera.cpp">
      <Filter>Source Files</Filter>
    </ClCompile>
    <ClCompile Include="main.cpp">
      <Filter>Source Files</Filter>
    </ClCompile>
    <ClCompile Include="face_model.cpp">
      <Filter>Source Files</Filter>
    </ClCompile>
    <ClCompile Include="dlib_interface.cpp">
      <Filter>Source Files\dlib</Filter>
    </ClCompile>
    <ClCompile Include="get_correspondence.cpp">
      <Filter>Source Files</Filter>
    </ClCompile>
    <ClCompile Include="test_ogl.cpp">
      <Filter>Source Files\test</Filter>
    </ClCompile>
    <ClCompile Include="test_camera.cpp">
      <Filter>Source Files\test</Filter>
    </ClCompile>
    <ClCompile Include="test_dlib.cpp">
      <Filter>Source Files\test</Filter>
    </ClCompile>
    <ClCompile Include="test_eigen.cpp">
      <Filter>Source Files\test</Filter>
    </ClCompile>
    <ClCompile Include="test_cereal.cpp">
      <Filter>Source Files\test</Filter>
    </ClCompile>
    <ClCompile Include="dlib_sources.cpp">
      <Filter>Source Files\dlib</Filter>
    </ClCompile>
    <ClCompile Include="ogl\ogl_fullscreenimage.cpp">
      <Filter>Source Files\ogl</Filter>
    </ClCompile>
    <ClCompile Include="ogl\ogl_transparentmesh.cpp">
      <Filter>Source Files\ogl</Filter>
    </ClCompile>
    <ClCompile Include="ogl\ogl_featurepoints.cpp">
      <Filter>Source Files\ogl</Filter>
    </ClCompile>
    <ClCompile Include="test_eos.cpp">
      <Filter>Source Files\test</Filter>
    </ClCompile>
  </ItemGroup>
  <ItemGroup>
    <ClInclude Include="ogl\ogl_basic.h">
      <Filter>Source Files\ogl</Filter>
    </ClInclude>
    <ClInclude Include="ogl\ogl_core.h">
      <Filter>Source Files\ogl</Filter>
    </ClInclude>
    <ClInclude Include="main.h">
      <Filter>Source Files</Filter>
    </ClInclude>
    <ClInclude Include="simple_mesh.h">
      <Filter>Source Files</Filter>
    </ClInclude>
  </ItemGroup>
</Project>